
Microsoft Visual Studio Solution File, Format Version 12.00
# Visual Studio Version 16
VisualStudioVersion = 16.0.30907.101
MinimumVisualStudioVersion = 10.0.40219.1
Project("{F184B08F-C81C-45F6-A57F-5ABD9991F28F}") = "Home", "Home\Home.vbproj", "{F43A13C4-4919-47BA-A11C-95D4FB9ED41E}"
EndProject
Global
	GlobalSection(SolutionConfigurationPlatforms) = preSolution
		Debug|Any CPU = Debug|Any CPU
		Release|Any CPU = Release|Any CPU
	EndGlobalSection
	GlobalSection(ProjectConfigurationPlatforms) = postSolution
		{F43A13C4-4919-47BA-A11C-95D4FB9ED41E}.Debug|Any CPU.ActiveCfg = Debug|Any CPU
		{F43A13C4-4919-47BA-A11C-95D4FB9ED41E}.Debug|Any CPU.Build.0 = Debug|Any CPU
		{F43A13C4-4919-47BA-A11C-95D4FB9ED41E}.Release|Any CPU.ActiveCfg = Release|Any CPU
		{F43A13C4-4919-47BA-A11C-95D4FB9ED41E}.Release|Any CPU.Build.0 = Release|Any CPU
	EndGlobalSection
	GlobalSection(SolutionProperties) = preSolution
		HideSolutionNode = FALSE
	EndGlobalSection
	GlobalSection(ExtensibilityGlobals) = postSolution
		SolutionGuid = {1FE2B0F1-6F58-4E81-9611-A286C202316F}
	EndGlobalSection
EndGlobal
